
Microsoft Visual Studio Solution File, Format Version 12.00
# Visual Studio Version 17
VisualStudioVersion = 17.11.35222.181
MinimumVisualStudioVersion = 10.0.40219.1
Project("{FAE04EC0-301F-11D3-BF4B-00C04F79EFBC}") = "1010", "1010\1010.csproj", "{36772C4B-604D-45AA-9311-520E5EB60916}"
EndProject
Global
	GlobalSection(SolutionConfigurationPlatforms) = preSolution
		Debug|Any CPU = Debug|Any CPU
		Release|Any CPU = Release|Any CPU
	EndGlobalSection
	GlobalSection(ProjectConfigurationPlatforms) = postSolution
		{36772C4B-604D-45AA-9311-520E5EB60916}.Debug|Any CPU.ActiveCfg = Debug|Any CPU
		{36772C4B-604D-45AA-9311-520E5EB60916}.Debug|Any CPU.Build.0 = Debug|Any CPU
		{36772C4B-604D-45AA-9311-520E5EB60916}.Release|Any CPU.ActiveCfg = Release|Any CPU
		{36772C4B-604D-45AA-9311-520E5EB60916}.Release|Any CPU.Build.0 = Release|Any CPU
	EndGlobalSection
	GlobalSection(SolutionProperties) = preSolution
		HideSolutionNode = FALSE
	EndGlobalSection
	GlobalSection(ExtensibilityGlobals) = postSolution
		SolutionGuid = {C091E2EA-5402-4D88-80D7-4ABB8B18D7D2}
	EndGlobalSection
EndGlobal
